
Microsoft Visual Studio Solution File, Format Version 12.00
# Visual Studio 15
VisualStudioVersion = 15.0.26730.16
MinimumVisualStudioVersion = 10.0.40219.1
Project("{FAE04EC0-301F-11D3-BF4B-00C04F79EFBC}") = "FavouriteAnimals", "FavouriteAnimals\FavouriteAnimals.csproj", "{D68D0007-CB75-48B7-96EE-1EB9131881D6}"
EndProject
Global
	GlobalSection(SolutionConfigurationPlatforms) = preSolution
		Debug|Any CPU = Debug|Any CPU
		Release|Any CPU = Release|Any CPU
	EndGlobalSection
	GlobalSection(ProjectConfigurationPlatforms) = postSolution
		{D68D0007-CB75-48B7-96EE-1EB9131881D6}.Debug|Any CPU.ActiveCfg = Debug|Any CPU
		{D68D0007-CB75-48B7-96EE-1EB9131881D6}.Debug|Any CPU.Build.0 = Debug|Any CPU
		{D68D0007-CB75-48B7-96EE-1EB9131881D6}.Release|Any CPU.ActiveCfg = Release|Any CPU
		{D68D0007-CB75-48B7-96EE-1EB9131881D6}.Release|Any CPU.Build.0 = Release|Any CPU
	EndGlobalSection
	GlobalSection(SolutionProperties) = preSolution
		HideSolutionNode = FALSE
	EndGlobalSection
	GlobalSection(ExtensibilityGlobals) = postSolution
		SolutionGuid = {FF660C58-B83C-49F2-A3DC-7B866AD32D56}
	EndGlobalSection
EndGlobal
